Microsoft Visual Studio Solution File, Format Version 12.00
# Visual Studio Version 17
VisualStudioVersion = 17.10.34607.79
MinimumVisualStudioVersion = 10.0.40219.1
Project("{9A19103F-16F7-4668-BE54-9A1E7A4F7556}") = "TimeSlice.AppHost", "TimeSlice.AppHost\TimeSlice.AppHost.csproj", "{BA85F6EE-4E5E-4E00-A3FC-7F5B333B9626}"
	ProjectSection(ProjectDependencies) = postProject
		{40E4E8F3-01D3-473E-912F-0F99B89F754C} = {40E4E8F3-01D3-473E-912F-0F99B89F754C}
	EndProjectSection
EndProject
Project("{9A19103F-16F7-4668-BE54-9A1E7A4F7556}") = "TimeSlice.ServiceDefaults", "TimeSlice.ServiceDefaults\TimeSlice.ServiceDefaults.csproj", "{7B7F9B89-0FB1-49E9-8BCB-D26AAE8CA23C}"
EndProject
Project("{9A19103F-16F7-4668-BE54-9A1E7A4F7556}") = "TimeSlice.ApiService", "TimeSlice.ApiService\TimeSlice.ApiService.csproj", "{FA4A8507-5B20-49B5-BDBE-DBCADD547866}"
EndProject
Project("{FAE04EC0-301F-11D3-BF4B-00C04F79EFBC}") = "TimeSlice.WebApp", "TimeSlice.WebApp\TimeSlice.WebApp\TimeSlice.WebApp.csproj", "{40E4E8F3-01D3-473E-912F-0F99B89F754C}"
EndProject
Project("{FAE04EC0-301F-11D3-BF4B-00C04F79EFBC}") = "TimeSlice.WebApp.Client", "TimeSlice.WebApp\TimeSlice.WebApp.Client\TimeSlice.WebApp.Client.csproj", "{7B28EEE1-645A-42FD-9EAA-4964690EB3AA}"
EndProject
Global
	GlobalSection(SolutionConfigurationPlatforms) = preSolution
		Debug|Any CPU = Debug|Any CPU
		Release|Any CPU = Release|Any CPU
	EndGlobalSection
	GlobalSection(ProjectConfigurationPlatforms) = postSolution
		{BA85F6EE-4E5E-4E00-A3FC-7F5B333B9626}.Debug|Any CPU.ActiveCfg = Debug|Any CPU
		{BA85F6EE-4E5E-4E00-A3FC-7F5B333B9626}.Debug|Any CPU.Build.0 = Debug|Any CPU
		{BA85F6EE-4E5E-4E00-A3FC-7F5B333B9626}.Release|Any CPU.ActiveCfg = Release|Any CPU
		{BA85F6EE-4E5E-4E00-A3FC-7F5B333B9626}.Release|Any CPU.Build.0 = Release|Any CPU
		{7B7F9B89-0FB1-49E9-8BCB-D26AAE8CA23C}.Debug|Any CPU.ActiveCfg = Debug|Any CPU
		{7B7F9B89-0FB1-49E9-8BCB-D26AAE8CA23C}.Debug|Any CPU.Build.0 = Debug|Any CPU
		{7B7F9B89-0FB1-49E9-8BCB-D26AAE8CA23C}.Release|Any CPU.ActiveCfg = Release|Any CPU
		{7B7F9B89-0FB1-49E9-8BCB-D26AAE8CA23C}.Release|Any CPU.Build.0 = Release|Any CPU
		{FA4A8507-5B20-49B5-BDBE-DBCADD547866}.Debug|Any CPU.ActiveCfg = Debug|Any CPU
		{FA4A8507-5B20-49B5-BDBE-DBCADD547866}.Debug|Any CPU.Build.0 = Debug|Any CPU
		{FA4A8507-5B20-49B5-BDBE-DBCADD547866}.Release|Any CPU.ActiveCfg = Release|Any CPU
		{FA4A8507-5B20-49B5-BDBE-DBCADD547866}.Release|Any CPU.Build.0 = Release|Any CPU
		{40E4E8F3-01D3-473E-912F-0F99B89F754C}.Debug|Any CPU.ActiveCfg = Debug|Any CPU
		{40E4E8F3-01D3-473E-912F-0F99B89F754C}.Debug|Any CPU.Build.0 = Debug|Any CPU
		{40E4E8F3-01D3-473E-912F-0F99B89F754C}.Release|Any CPU.ActiveCfg = Release|Any CPU
		{40E4E8F3-01D3-473E-912F-0F99B89F754C}.Release|Any CPU.Build.0 = Release|Any CPU
		{7B28EEE1-645A-42FD-9EAA-4964690EB3AA}.Debug|Any CPU.ActiveCfg = Debug|Any CPU
		{7B28EEE1-645A-42FD-9EAA-4964690EB3AA}.Debug|Any CPU.Build.0 = Debug|Any CPU
		{7B28EEE1-645A-42FD-9EAA-4964690EB3AA}.Release|Any CPU.ActiveCfg = Release|Any CPU
		{7B28EEE1-645A-42FD-9EAA-4964690EB3AA}.Release|Any CPU.Build.0 = Release|Any CPU
	EndGlobalSection
	GlobalSection(SolutionProperties) = preSolution
		HideSolutionNode = FALSE
	EndGlobalSection
	GlobalSection(ExtensibilityGlobals) = postSolution
		SolutionGuid = {CF95E224-46E7-4E00-BD6E-157BC348E3C6}
	EndGlobalSection
EndGlobal
